
Microsoft Visual Studio Solution File, Format Version 12.00
# Visual Studio 15
VisualStudioVersion = 15.0.27428.2002
MinimumVisualStudioVersion = 10.0.40219.1
Project("{FAE04EC0-301F-11D3-BF4B-00C04F79EFBC}") = "Compact", "Compact.csproj", "{DC066A09-ADB1-4EEB-BBBE-50C2BA41F287}"
EndProject
Global
	GlobalSection(SolutionConfigurationPlatforms) = preSolution
		Debug|Any CPU = Debug|Any CPU
		Release|Any CPU = Release|Any CPU
	EndGlobalSection
	GlobalSection(ProjectConfigurationPlatforms) = postSolution
		{DC066A09-ADB1-4EEB-BBBE-50C2BA41F287}.Debug|Any CPU.ActiveCfg = Debug|Any CPU
		{DC066A09-ADB1-4EEB-BBBE-50C2BA41F287}.Debug|Any CPU.Build.0 = Debug|Any CPU
		{DC066A09-ADB1-4EEB-BBBE-50C2BA41F287}.Release|Any CPU.ActiveCfg = Release|Any CPU
		{DC066A09-ADB1-4EEB-BBBE-50C2BA41F287}.Release|Any CPU.Build.0 = Release|Any CPU
	EndGlobalSection
	GlobalSection(SolutionProperties) = preSolution
		HideSolutionNode = FALSE
	EndGlobalSection
	GlobalSection(ExtensibilityGlobals) = postSolution
		SolutionGuid = {4FBAAD80-FF18-4983-8812-A56DE7839A06}
	EndGlobalSection
EndGlobal
